
Microsoft Visual Studio Solution File, Format Version 12.00
# Visual Studio 2013
VisualStudioVersion = 12.0.21005.1
MinimumVisualStudioVersion = 10.0.40219.1
Project("{FAE04EC0-301F-11D3-BF4B-00C04F79EFBC}") = "projectPokemon", "projectPokemon\projectPokemon.csproj", "{0BEE743C-AB88-496C-A714-179CDB58495A}"
EndProject
Project("{FAE04EC0-301F-11D3-BF4B-00C04F79EFBC}") = "PokemonTesting", "PokemonTesting\PokemonTesting.csproj", "{EBFE5A3C-5FE2-49DB-A05B-A49948384ADC}"
EndProject
Global
	GlobalSection(SolutionConfigurationPlatforms) = preSolution
		Debug|Any CPU = Debug|Any CPU
		Release|Any CPU = Release|Any CPU
	EndGlobalSection
	GlobalSection(ProjectConfigurationPlatforms) = postSolution
		{0BEE743C-AB88-496C-A714-179CDB58495A}.Debug|Any CPU.ActiveCfg = Debug|Any CPU
		{0BEE743C-AB88-496C-A714-179CDB58495A}.Debug|Any CPU.Build.0 = Debug|Any CPU
		{0BEE743C-AB88-496C-A714-179CDB58495A}.Release|Any CPU.ActiveCfg = Release|Any CPU
		{0BEE743C-AB88-496C-A714-179CDB58495A}.Release|Any CPU.Build.0 = Release|Any CPU
		{EBFE5A3C-5FE2-49DB-A05B-A49948384ADC}.Debug|Any CPU.ActiveCfg = Debug|Any CPU
		{EBFE5A3C-5FE2-49DB-A05B-A49948384ADC}.Debug|Any CPU.Build.0 = Debug|Any CPU
		{EBFE5A3C-5FE2-49DB-A05B-A49948384ADC}.Release|Any CPU.ActiveCfg = Release|Any CPU
		{EBFE5A3C-5FE2-49DB-A05B-A49948384ADC}.Release|Any CPU.Build.0 = Release|Any CPU
	EndGlobalSection
	GlobalSection(SolutionProperties) = preSolution
		HideSolutionNode = FALSE
	EndGlobalSection
EndGlobal
